
Microsoft Visual Studio Solution File, Format Version 12.00
# Visual Studio 15
VisualStudioVersion = 15.0.28307.572
MinimumVisualStudioVersion = 10.0.40219.1
Project("{FAE04EC0-301F-11D3-BF4B-00C04F79EFBC}") = "RandomArray2.0", "RandomArray2.0\RandomArray2.0.csproj", "{5543C3B8-CDD8-466F-A5C1-F6621B343DEC}"
EndProject
Global
	GlobalSection(SolutionConfigurationPlatforms) = preSolution
		Debug|Any CPU = Debug|Any CPU
		Release|Any CPU = Release|Any CPU
	EndGlobalSection
	GlobalSection(ProjectConfigurationPlatforms) = postSolution
		{5543C3B8-CDD8-466F-A5C1-F6621B343DEC}.Debug|Any CPU.ActiveCfg = Debug|Any CPU
		{5543C3B8-CDD8-466F-A5C1-F6621B343DEC}.Debug|Any CPU.Build.0 = Debug|Any CPU
		{5543C3B8-CDD8-466F-A5C1-F6621B343DEC}.Release|Any CPU.ActiveCfg = Release|Any CPU
		{5543C3B8-CDD8-466F-A5C1-F6621B343DEC}.Release|Any CPU.Build.0 = Release|Any CPU
	EndGlobalSection
	GlobalSection(SolutionProperties) = preSolution
		HideSolutionNode = FALSE
	EndGlobalSection
	GlobalSection(ExtensibilityGlobals) = postSolution
		SolutionGuid = {69D13E6E-57A1-4C19-83D9-B155ED0BA678}
	EndGlobalSection
EndGlobal
